
Microsoft Visual Studio Solution File, Format Version 12.00
# Visual Studio Version 18
VisualStudioVersion = 18.6.11723.189 insiders
MinimumVisualStudioVersion = 10.0.40219.1
Project("{FAE04EC0-301F-11D3-BF4B-00C04F79EFBC}") = "first", "first.csproj", "{CEDD81F0-46B8-7AD3-F217-7136BDEB8C6B}"
EndProject
Global
	GlobalSection(SolutionConfigurationPlatforms) = preSolution
		Debug|Any CPU = Debug|Any CPU
		Release|Any CPU = Release|Any CPU
	EndGlobalSection
	GlobalSection(ProjectConfigurationPlatforms) = postSolution
		{CEDD81F0-46B8-7AD3-F217-7136BDEB8C6B}.Debug|Any CPU.ActiveCfg = Debug|Any CPU
		{CEDD81F0-46B8-7AD3-F217-7136BDEB8C6B}.Debug|Any CPU.Build.0 = Debug|Any CPU
		{CEDD81F0-46B8-7AD3-F217-7136BDEB8C6B}.Release|Any CPU.ActiveCfg = Release|Any CPU
		{CEDD81F0-46B8-7AD3-F217-7136BDEB8C6B}.Release|Any CPU.Build.0 = Release|Any CPU
	EndGlobalSection
	GlobalSection(SolutionProperties) = preSolution
		HideSolutionNode = FALSE
	EndGlobalSection
	GlobalSection(ExtensibilityGlobals) = postSolution
		SolutionGuid = {DE8405E8-E975-458E-B509-A177E29CE999}
	EndGlobalSection
EndGlobal
